github.com/agonopol/go-stem v0.0.0-20150630113328-985885018250 h1:znLjWXbvRGRvFlxYoiRu4Yf38isHmYYG07scbZKKg9I=
github.com/agonopol/go-stem v0.0.0-20150630113328-985885018250/go.mod h1:JpR7ykfRJUCcS6aOUCB6dPImrYufY0NoBCDg/wqeIIo=
github.com/spaolacci/murmur3 v1.1.0 h1:7c1g84S4BPRrfL5Xrdp6fOJ206sU9y293DDHaoy0bLI=
github.com/spaolacci/murmur3 v1.1.0/go.mod h1:JwIasOWyU6f++ZhiEuf87xNszmSA2myDM2Kzu9HwQUA=
golang.org/x/exp v0.0.0-20220325121720-054d8573a5d8 h1:Xt4/LzbTwfocTk9ZLEu4onjeFucl88iW+v4j4PWbQuE=
golang.org/x/exp v0.0.0-20220325121720-054d8573a5d8/go.mod h1:lgLbSvA5ygNOMpwM/9anMpWVlVJ7Z+cHWq/eFuinpGE=
